// !$*UTF8*$!
{
	archiveVersion = 1;
	classes = {
	};
	objectVersion = 46;
	objects = {

/* Begin PBXBuildFile section */
		834A45831A250DB60086CB61 /* AppDelegate.swift in Sources */ = {isa = PBXBuildFile; fileRef = 834A45821A250DB60086CB61 /* AppDelegate.swift */; };
		834A45851A250DB60086CB61 /* ViewController.swift in Sources */ = {isa = PBXBuildFile; fileRef = 834A45841A250DB60086CB61 /* ViewController.swift */; };
		834A45881A250DB60086CB61 /* Main.storyboard in Resources */ = {isa = PBXBuildFile; fileRef = 834A45861A250DB60086CB61 /* Main.storyboard */; };
		834A458A1A250DB60086CB61 /* Images.xcassets in Resources */ = {isa = PBXBuildFile; fileRef = 834A45891A250DB60086CB61 /* Images.xcassets */; };
		834A458D1A250DB60086CB61 /* LaunchScreen.xib in Resources */ = {isa = PBXBuildFile; fileRef = 834A458B1A250DB60086CB61 /* LaunchScreen.xib */; };
		834A45991A250DB60086CB61 /* SlotMachineTests.swift in Sources */ = {isa = PBXBuildFile; fileRef = 834A45981A250DB60086CB61 /* SlotMachineTests.swift */; };
		834A45A31A2652F30086CB61 /* Slot.swift in Sources */ = {isa = PBXBuildFile; fileRef = 834A45A21A2652F30086CB61 /* Slot.swift */; };
		834A45F41A2654270086CB61 /* Factory.swift in Sources */ = {isa = PBXBuildFile; fileRef = 834A45F31A2654270086CB61 /* Factory.swift */; };
		834A45F61A266B540086CB61 /* SlotBrain.swift in Sources */ = {isa = PBXBuildFile; fileRef = 834A45F51A266B540086CB61 /* SlotBrain.swift */; };
/* End PBXBuildFile section */

/* Begin PBXContainerItemProxy section */
		834A45931A250DB60086CB61 /* PBXContainerItemProxy */ = {
			isa = PBXContainerItemProxy;
			containerPortal = 834A45751A250DB60086CB61 /* Project object */;
			proxyType = 1;
			remoteGlobalIDString = 834A457C1A250DB60086CB61;
			remoteInfo = SlotMachine;
		};
/* End PBXContainerItemProxy section */

/* Begin PBXFileReference section */
		834A457D1A250DB60086CB61 /* SlotMachine.app */ = {isa = PBXFileReference; explicitFileType = wrapper.application; includeInIndex = 0; path = SlotMachine.app; sourceTree = BUILT_PRODUCTS_DIR; };
		834A45811A250DB60086CB61 /* Info.plist */ = {isa = PBXFileReference; lastKnownFileType = text.plist.xml; path = Info.plist; sourceTree = "<group>"; };
		834A45821A250DB60086CB61 /* AppDelegate.swift */ = {isa = PBXFileReference; lastKnownFileType = sourcecode.swift; path = AppDelegate.swift; sourceTree = "<group>"; };
		834A45841A250DB60086CB61 /* ViewController.swift */ = {isa = PBXFileReference; lastKnownFileType = sourcecode.swift; path = ViewController.swift; sourceTree = "<group>"; };
		834A45871A250DB60086CB61 /* Base */ = {isa = PBXFileReference; lastKnownFileType = file.storyboard; name = Base; path = Base.lproj/Main.storyboard; sourceTree = "<group>"; };
		834A45891A250DB60086CB61 /* Images.xcassets */ = {isa = PBXFileReference; lastKnownFileType = folder.assetcatalog; path = Images.xcassets; sourceTree = "<group>"; };
		834A458C1A250DB60086CB61 /* Base */ = {isa = PBXFileReference; lastKnownFileType = file.xib; name = Base; path = Base.lproj/LaunchScreen.xib; sourceTree = "<group>"; };
		834A45921A250DB60086CB61 /* SlotMachineTests.xctest */ = {isa = PBXFileReference; explicitFileType = wrapper.cfbundle; includeInIndex = 0; path = SlotMachineTests.xctest; sourceTree = BUILT_PRODUCTS_DIR; };
		834A45971A250DB60086CB61 /* Info.plist */ = {isa = PBXFileReference; lastKnownFileType = text.plist.xml; path = Info.plist; sourceTree = "<group>"; };
		834A45981A250DB60086CB61 /* SlotMachineTests.swift */ = {isa = PBXFileReference; lastKnownFileType = sourcecode.swift; path = SlotMachineTests.swift; sourceTree = "<group>"; };
		834A45A21A2652F30086CB61 /* Slot.swift */ = {isa = PBXFileReference; fileEncoding = 4; lastKnownFileType = sourcecode.swift; path = Slot.swift; sourceTree = "<group>"; };
		834A45F31A2654270086CB61 /* Factory.swift */ = {isa = PBXFileReference; fileEncoding = 4; lastKnownFileType = sourcecode.swift; path = Factory.swift; sourceTree = "<group>"; };
		834A45F51A266B540086CB61 /* SlotBrain.swift */ = {isa = PBXFileReference; fileEncoding = 4; lastKnownFileType = sourcecode.swift; path = SlotBrain.swift; sourceTree = "<group>"; };
/* End PBXFileReference section */

/* Begin PBXFrameworksBuildPhase section */
		834A457A1A250DB60086CB61 /* Frameworks */ = {
			isa = PBXFrameworksBuildPhase;
			buildActionMask = 2147483647;
			files = (
			);
			runOnlyForDeploymentPostprocessing = 0;
		};
		834A458F1A250DB60086CB61 /* Frameworks */ = {
			isa = PBXFrameworksBuildPhase;
			buildActionMask = 2147483647;
			files = (
			);
			runOnlyForDeploymentPostprocessing = 0;
		};
/* End PBXFrameworksBuildPhase section */

/* Begin PBXGroup section */
		834A45741A250DB60086CB61 = {
			isa = PBXGroup;
			children = (
				834A457F1A250DB60086CB61 /* SlotMachine */,
				834A45951A250DB60086CB61 /* SlotMachineTests */,
				834A457E1A250DB60086CB61 /* Products */,
			);
			sourceTree = "<group>";
		};
		834A457E1A250DB60086CB61 /* Products */ = {
			isa = PBXGroup;
			children = (
				834A457D1A250DB60086CB61 /* SlotMachine.app */,
				834A45921A250DB60086CB61 /* SlotMachineTests.xctest */,
			);
			name = Products;
			sourceTree = "<group>";
		};
		834A457F1A250DB60086CB61 /* SlotMachine */ = {
			isa = PBXGroup;
			children = (
				834A45821A250DB60086CB61 /* AppDelegate.swift */,
				834A45841A250DB60086CB61 /* ViewController.swift */,
				834A45F31A2654270086CB61 /* Factory.swift */,
				834A45F51A266B540086CB61 /* SlotBrain.swift */,
				834A45A21A2652F30086CB61 /* Slot.swift */,
				834A45861A250DB60086CB61 /* Main.storyboard */,
				834A45891A250DB60086CB61 /* Images.xcassets */,
				834A458B1A250DB60086CB61 /* LaunchScreen.xib */,
				834A45801A250DB60086CB61 /* Supporting Files */,
			);
			path = SlotMachine;
			sourceTree = "<group>";
		};
		834A45801A250DB60086CB61 /* Supporting Files */ = {
			isa = PBXGroup;
			children = (
				834A45811A250DB60086CB61 /* Info.plist */,
			);
			name = "Supporting Files";
			sourceTree = "<group>";
		};
		834A45951A250DB60086CB61 /* SlotMachineTests */ = {
			isa = PBXGroup;
			children = (
				834A45981A250DB60086CB61 /* SlotMachineTests.swift */,
				834A45961A250DB60086CB61 /* Supporting Files */,
			);
			path = SlotMachineTests;
			sourceTree = "<group>";
		};
		834A45961A250DB60086CB61 /* Supporting Files */ = {
			isa = PBXGroup;
			children = (
				834A45971A250DB60086CB61 /* Info.plist */,
			);
			name = "Supporting Files";
			sourceTree = "<group>";
		};
/* End PBXGroup section */

/* Begin PBXNativeTarget section */
		834A457C1A250DB60086CB61 /* SlotMachine */ = {
			isa = PBXNativeTarget;
			buildConfigurationList = 834A459C1A250DB60086CB61 /* Build configuration list for PBXNativeTarget "SlotMachine" */;
			buildPhases = (
				834A45791A250DB60086CB61 /* Sources */,
				834A457A1A250DB60086CB61 /* Frameworks */,
				834A457B1A250DB60086CB61 /* Resources */,
			);
			buildRules = (
			);
			dependencies = (
			);
			name = SlotMachine;
			productName = SlotMachine;
			productReference = 834A457D1A250DB60086CB61 /* SlotMachine.app */;
			productType = "com.apple.product-type.application";
		};
		834A45911A250DB60086CB61 /* SlotMachineTests */ = {
			isa = PBXNativeTarget;
			buildConfigurationList = 834A459F1A250DB60086CB61 /* Build configuration list for PBXNativeTarget "SlotMachineTests" */;
			buildPhases = (
				834A458E1A250DB60086CB61 /* Sources */,
				834A458F1A250DB60086CB61 /* Frameworks */,
				834A45901A250DB60086CB61 /* Resources */,
			);
			buildRules = (
			);
			dependencies = (
				834A45941A250DB60086CB61 /* PBXTargetDependency */,
			);
			name = SlotMachineTests;
			productName = SlotMachineTests;
			productReference = 834A45921A250DB60086CB61 /* SlotMachineTests.xctest */;
			productType = "com.apple.product-type.bundle.unit-test";
		};
/* End PBXNativeTarget section */

/* Begin PBXProject section */
		834A45751A250DB60086CB61 /* Project object */ = {
			isa = PBXProject;
			attributes = {
				LastUpgradeCheck = 0610;
				ORGANIZATIONNAME = "Webified Design";
				TargetAttributes = {
					834A457C1A250DB60086CB61 = {
						CreatedOnToolsVersion = 6.1;
					};
					834A45911A250DB60086CB61 = {
						CreatedOnToolsVersion = 6.1;
						TestTargetID = 834A457C1A250DB60086CB61;
					};
				};
			};
			buildConfigurationList = 834A45781A250DB60086CB61 /* Build configuration list for PBXProject "SlotMachine" */;
			compatibilityVersion = "Xcode 3.2";
			developmentRegion = English;
			hasScannedForEncodings = 0;
			knownRegions = (
				en,
				Base,
			);
			mainGroup = 834A45741A250DB60086CB61;
			productRefGroup = 834A457E1A250DB60086CB61 /* Products */;
			projectDirPath = "";
			projectRoot = "";
			targets = (
				834A457C1A250DB60086CB61 /* SlotMachine */,
				834A45911A250DB60086CB61 /* SlotMachineTests */,
			);
		};
/* End PBXProject section */

/* Begin PBXResourcesBuildPhase section */
		834A457B1A250DB60086CB61 /* Resources */ = {
			isa = PBXResourcesBuildPhase;
			buildActionMask = 2147483647;
			files = (
				834A45881A250DB60086CB61 /* Main.storyboard in Resources */,
				834A458D1A250DB60086CB61 /* LaunchScreen.xib in Resources */,
				834A458A1A250DB60086CB61 /* Images.xcassets in Resources */,
			);
			runOnlyForDeploymentPostprocessing = 0;
		};
		834A45901A250DB60086CB61 /* Resources */ = {
			isa = PBXResourcesBuildPhase;
			buildActionMask = 2147483647;
			files = (
			);
			runOnlyForDeploymentPostprocessing = 0;
		};
/* End PBXResourcesBuildPhase section */

/* Begin PBXSourcesBuildPhase section */
		834A45791A250DB60086CB61 /* Sources */ = {
			isa = PBXSourcesBuildPhase;
			buildActionMask = 2147483647;
			files = (
				834A45F41A2654270086CB61 /* Factory.swift in Sources */,
				834A45851A250DB60086CB61 /* ViewController.swift in Sources */,
				834A45A31A2652F30086CB61 /* Slot.swift in Sources */,
				834A45831A250DB60086CB61 /* AppDelegate.swift in Sources */,
				834A45F61A266B540086CB61 /* SlotBrain.swift in Sources */,
			);
			runOnlyForDeploymentPostprocessing = 0;
		};
		834A458E1A250DB60086CB61 /* Sources */ = {
			isa = PBXSourcesBuildPhase;
			buildActionMask = 2147483647;
			files = (
				834A45991A250DB60086CB61 /* SlotMachineTests.swift in Sources */,
			);
			runOnlyForDeploymentPostprocessing = 0;
		};
/* End PBXSourcesBuildPhase section */

/* Begin PBXTargetDependency section */
		834A45941A250DB60086CB61 /* PBXTargetDependency */ = {
			isa = PBXTargetDependency;
			target = 834A457C1A250DB60086CB61 /* SlotMachine */;
			targetProxy = 834A45931A250DB60086CB61 /* PBXContainerItemProxy */;
		};
/* End PBXTargetDependency section */

/* Begin PBXVariantGroup section */
		834A45861A250DB60086CB61 /* Main.storyboard */ = {
			isa = PBXVariantGroup;
			children = (
				834A45871A250DB60086CB61 /* Base */,
			);
			name = Main.storyboard;
			sourceTree = "<group>";
		};
		834A458B1A250DB60086CB61 /* LaunchScreen.xib */ = {
			isa = PBXVariantGroup;
			children = (
				834A458C1A250DB60086CB61 /* Base */,
			);
			name = LaunchScreen.xib;
			sourceTree = "<group>";
		};
/* End PBXVariantGroup section */

/* Begin XCBuildConfiguration section */
		834A459A1A250DB60086CB61 /* Debug */ = {
			isa = XCBuildConfiguration;
			buildSettings = {
				ALWAYS_SEARCH_USER_PATHS = NO;
				CLANG_CXX_LANGUAGE_STANDARD = "gnu++0x";
				CLANG_CXX_LIBRARY = "libc++";
				CLANG_ENABLE_MODULES = YES;
				CLANG_ENABLE_OBJC_ARC = YES;
				CLANG_WARN_BOOL_CONVERSION = YES;
				CLANG_WARN_CONSTANT_CONVERSION = YES;
				CLANG_WARN_DIRECT_OBJC_ISA_USAGE = YES_ERROR;
				CLANG_WARN_EMPTY_BODY = YES;
				CLANG_WARN_ENUM_CONVERSION = YES;
				CLANG_WARN_INT_CONVERSION = YES;
				CLANG_WARN_OBJC_ROOT_CLASS = YES_ERROR;
				CLANG_WARN_UNREACHABLE_CODE = YES;
				CLANG_WARN__DUPLICATE_METHOD_MATCH = YES;
				"CODE_SIGN_IDENTITY[sdk=iphoneos*]" = "iPhone Developer";
				COPY_PHASE_STRIP = NO;
				ENABLE_STRICT_OBJC_MSGSEND = YES;
				GCC_C_LANGUAGE_STANDARD = gnu99;
				GCC_DYNAMIC_NO_PIC = NO;
				GCC_OPTIMIZATION_LEVEL = 0;
				GCC_PREPROCESSOR_DEFINITIONS = (
					"DEBUG=1",
					"$(inherited)",
				);
				GCC_SYMBOLS_PRIVATE_EXTERN = NO;
				GCC_WARN_64_TO_32_BIT_CONVERSION = YES;
				GCC_WARN_ABOUT_RETURN_TYPE = YES_ERROR;
				GCC_WARN_UNDECLARED_SELECTOR = YES;
				GCC_WARN_UNINITIALIZED_AUTOS = YES_AGGRESSIVE;
				GCC_WARN_UNUSED_FUNCTION = YES;
				GCC_WARN_UNUSED_VARIABLE = YES;
				IPHONEOS_DEPLOYMENT_TARGET = 8.1;
				MTL_ENABLE_DEBUG_INFO = YES;
				ONLY_ACTIVE_ARCH = YES;
				SDKROOT = iphoneos;
				SWIFT_OPTIMIZATION_LEVEL = "-Onone";
				TARGETED_DEVICE_FAMILY = "1,2";
			};
			name = Debug;
		};
		834A459B1A250DB60086CB61 /* Release */ = {
			isa = XCBuildConfiguration;
			buildSettings = {
				ALWAYS_SEARCH_USER_PATHS = NO;
				CLANG_CXX_LANGUAGE_STANDARD = "gnu++0x";
				CLANG_CXX_LIBRARY = "libc++";
				CLANG_ENABLE_MODULES = YES;
				CLANG_ENABLE_OBJC_ARC = YES;
				CLANG_WARN_BOOL_CONVERSION = YES;
				CLANG_WARN_CONSTANT_CONVERSION = YES;
				CLANG_WARN_DIRECT_OBJC_ISA_USAGE = YES_ERROR;
				CLANG_WARN_EMPTY_BODY = YES;
				CLANG_WARN_ENUM_CONVERSION = YES;
				CLANG_WARN_INT_CONVERSION = YES;
				CLANG_WARN_OBJC_ROOT_CLASS = YES_ERROR;
				CLANG_WARN_UNREACHABLE_CODE = YES;
				CLANG_WARN__DUPLICATE_METHOD_MATCH = YES;
				"CODE_SIGN_IDENTITY[sdk=iphoneos*]" = "iPhone Developer";
				COPY_PHASE_STRIP = YES;
				ENABLE_NS_ASSERTIONS = NO;
				ENABLE_STRICT_OBJC_MSGSEND = YES;
				GCC_C_LANGUAGE_STANDARD = gnu99;
				GCC_WARN_64_TO_32_BIT_CONVERSION = YES;
				GCC_WARN_ABOUT_RETURN_TYPE = YES_ERROR;
				GCC_WARN_UNDECLARED_SELECTOR = YES;
				GCC_WARN_UNINITIALIZED_AUTOS = YES_AGGRESSIVE;
				GCC_WARN_UNUSED_FUNCTION = YES;
				GCC_WARN_UNUSED_VARIABLE = YES;
				IPHONEOS_DEPLOYMENT_TARGET = 8.1;
				MTL_ENABLE_DEBUG_INFO = NO;
				SDKROOT = iphoneos;
				TARGETED_DEVICE_FAMILY = "1,2";
				VALIDATE_PRODUCT = YES;
			};
			name = Release;
		};
		834A459D1A250DB60086CB61 /* Debug */ = {
			isa = XCBuildConfiguration;
			buildSettings = {
				ASSETCATALOG_COMPILER_APPICON_NAME = AppIcon;
				INFOPLIST_FILE = SlotMachine/Info.plist;
				LD_RUNPATH_SEARCH_PATHS = "$(inherited) @executable_path/Frameworks";
				PRODUCT_NAME = "$(TARGET_NAME)";
			};
			name = Debug;
		};
		834A459E1A250DB60086CB61 /* Release */ = {
			isa = XCBuildConfiguration;
			buildSettings = {
				ASSETCATALOG_COMPILER_APPICON_NAME = AppIcon;
				INFOPLIST_FILE = SlotMachine/Info.plist;
				LD_RUNPATH_SEARCH_PATHS = "$(inherited) @executable_path/Frameworks";
				PRODUCT_NAME = "$(TARGET_NAME)";
			};
			name = Release;
		};
		834A45A01A250DB60086CB61 /* Debug */ = {
			isa = XCBuildConfiguration;
			buildSettings = {
				BUNDLE_LOADER = "$(TEST_HOST)";
				FRAMEWORK_SEARCH_PATHS = (
					"$(SDKROOT)/Developer/Library/Frameworks",
					"$(inherited)",
				);
				GCC_PREPROCESSOR_DEFINITIONS = (
					"DEBUG=1",
					"$(inherited)",
				);
				INFOPLIST_FILE = SlotMachineTests/Info.plist;
				LD_RUNPATH_SEARCH_PATHS = "$(inherited) @executable_path/Frameworks @loader_path/Frameworks";
				PRODUCT_NAME = "$(TARGET_NAME)";
				TEST_HOST = "$(BUILT_PRODUCTS_DIR)/SlotMachine.app/SlotMachine";
			};
			name = Debug;
		};
		834A45A11A250DB60086CB61 /* Release */ = {
			isa = XCBuildConfiguration;
			buildSettings = {
				BUNDLE_LOADER = "$(TEST_HOST)";
				FRAMEWORK_SEARCH_PATHS = (
					"$(SDKROOT)/Developer/Library/Frameworks",
					"$(inherited)",
				);
				INFOPLIST_FILE = SlotMachineTests/Info.plist;
				LD_RUNPATH_SEARCH_PATHS = "$(inherited) @executable_path/Frameworks @loader_path/Frameworks";
				PRODUCT_NAME = "$(TARGET_NAME)";
				TEST_HOST = "$(BUILT_PRODUCTS_DIR)/SlotMachine.app/SlotMachine";
			};
			name = Release;
		};
/* End XCBuildConfiguration section */

/* Begin XCConfigurationList section */
		834A45781A250DB60086CB61 /* Build configuration list for PBXProject "SlotMachine" */ = {
			isa = XCConfigurationList;
			buildConfigurations = (
				834A459A1A250DB60086CB61 /* Debug */,
				834A459B1A250DB60086CB61 /* Release */,
			);
			defaultConfigurationIsVisible = 0;
			defaultConfigurationName = Release;
		};
		834A459C1A250DB60086CB61 /* Build configuration list for PBXNativeTarget "SlotMachine" */ = {
			isa = XCConfigurationList;
			buildConfigurations = (
				834A459D1A250DB60086CB61 /* Debug */,
				834A459E1A250DB60086CB61 /* Release */,
			);
			defaultConfigurationIsVisible = 0;
		};
		834A459F1A250DB60086CB61 /* Build configuration list for PBXNativeTarget "SlotMachineTests" */ = {
			isa = XCConfigurationList;
			buildConfigurations = (
				834A45A01A250DB60086CB61 /* Debug */,
				834A45A11A250DB60086CB61 /* Release */,
			);
			defaultConfigurationIsVisible = 0;
		};
/* End XCConfigurationList section */
	};
	rootObject = 834A45751A250DB60086CB61 /* Project object */;
}
